
Microsoft Visual Studio Solution File, Format Version 12.00
# Visual Studio 15
VisualStudioVersion = 15.0.27703.2047
MinimumVisualStudioVersion = 10.0.40219.1
Project("{FAE04EC0-301F-11D3-BF4B-00C04F79EFBC}") = "JaniceIq.MetaEngine.Mvvm", "JaniceIq.MetaEngine.Mvvm.csproj", "{D39D7DCC-ADA9-4926-B36B-E1FB326CF465}"
EndProject
Global
	GlobalSection(SolutionConfigurationPlatforms) = preSolution
		Debug|x64 = Debug|x64
		Release|x64 = Release|x64
	EndGlobalSection
	GlobalSection(ProjectConfigurationPlatforms) = postSolution
		{D39D7DCC-ADA9-4926-B36B-E1FB326CF465}.Debug|x64.ActiveCfg = Debug|x64
		{D39D7DCC-ADA9-4926-B36B-E1FB326CF465}.Debug|x64.Build.0 = Debug|x64
		{D39D7DCC-ADA9-4926-B36B-E1FB326CF465}.Release|x64.ActiveCfg = Release|x64
		{D39D7DCC-ADA9-4926-B36B-E1FB326CF465}.Release|x64.Build.0 = Release|x64
	EndGlobalSection
	GlobalSection(SolutionProperties) = preSolution
		HideSolutionNode = FALSE
	EndGlobalSection
	GlobalSection(ExtensibilityGlobals) = postSolution
		SolutionGuid = {0C833AB7-1FA6-4092-B3AF-50CD722BAE34}
	EndGlobalSection
EndGlobal
